// !$*UTF8*$!
{
	archiveVersion = 1;
	classes = {
	};
	objectVersion = 50;
	objects = {

/* Begin PBXBuildFile section */
		BE8E6EDC24405A68000BC3C8 /* AppDelegate.swift in Sources */ = {isa = PBXBuildFile; fileRef = BE8E6EDB24405A68000BC3C8 /* AppDelegate.swift */; };
		BE8E6EDE24405A68000BC3C8 /* SceneDelegate.swift in Sources */ = {isa = PBXBuildFile; fileRef = BE8E6EDD24405A68000BC3C8 /* SceneDelegate.swift */; };
		BE8E6EE024405A68000BC3C8 /* ViewController.swift in Sources */ = {isa = PBXBuildFile; fileRef = BE8E6EDF24405A68000BC3C8 /* ViewController.swift */; };
		BE8E6EE324405A68000BC3C8 /* Main.storyboard in Resources */ = {isa = PBXBuildFile; fileRef = BE8E6EE124405A68000BC3C8 /* Main.storyboard */; };
		BE8E6EE524405A69000BC3C8 /* Assets.xcassets in Resources */ = {isa = PBXBuildFile; fileRef = BE8E6EE424405A69000BC3C8 /* Assets.xcassets */; };
		BE8E6EE824405A69000BC3C8 /* LaunchScreen.storyboard in Resources */ = {isa = PBXBuildFile; fileRef = BE8E6EE624405A69000BC3C8 /* LaunchScreen.storyboard */; };
		BE8E6EF124405AAD000BC3C8 /* MainViewController.swift in Sources */ = {isa = PBXBuildFile; fileRef = BE8E6EF024405AAD000BC3C8 /* MainViewController.swift */; };
		BE8E6EF324405ABE000BC3C8 /* User.swift in Sources */ = {isa = PBXBuildFile; fileRef = BE8E6EF224405ABE000BC3C8 /* User.swift */; };
		BE8E6EF624405AD3000BC3C8 /* AuthenticationServices.framework in Frameworks */ = {isa = PBXBuildFile; fileRef = BE8E6EF524405AD3000BC3C8 /* AuthenticationServices.framework */; };
/* End PBXBuildFile section */

/* Begin PBXFileReference section */
		BE8E6ED824405A68000BC3C8 /* SignInWithApple.app */ = {isa = PBXFileReference; explicitFileType = wrapper.application; includeInIndex = 0; path = SignInWithApple.app; sourceTree = BUILT_PRODUCTS_DIR; };
		BE8E6EDB24405A68000BC3C8 /* AppDelegate.swift */ = {isa = PBXFileReference; lastKnownFileType = sourcecode.swift; path = AppDelegate.swift; sourceTree = "<group>"; };
		BE8E6EDD24405A68000BC3C8 /* SceneDelegate.swift */ = {isa = PBXFileReference; lastKnownFileType = sourcecode.swift; path = SceneDelegate.swift; sourceTree = "<group>"; };
		BE8E6EDF24405A68000BC3C8 /* ViewController.swift */ = {isa = PBXFileReference; lastKnownFileType = sourcecode.swift; path = ViewController.swift; sourceTree = "<group>"; };
		BE8E6EE224405A68000BC3C8 /* Base */ = {isa = PBXFileReference; lastKnownFileType = file.storyboard; name = Base; path = Base.lproj/Main.storyboard; sourceTree = "<group>"; };
		BE8E6EE424405A69000BC3C8 /* Assets.xcassets */ = {isa = PBXFileReference; lastKnownFileType = folder.assetcatalog; path = Assets.xcassets; sourceTree = "<group>"; };
		BE8E6EE724405A69000BC3C8 /* Base */ = {isa = PBXFileReference; lastKnownFileType = file.storyboard; name = Base; path = Base.lproj/LaunchScreen.storyboard; sourceTree = "<group>"; };
		BE8E6EE924405A69000BC3C8 /* Info.plist */ = {isa = PBXFileReference; lastKnownFileType = text.plist.xml; path = Info.plist; sourceTree = "<group>"; };
		BE8E6EEF24405A75000BC3C8 /* SignInWithApple.entitlements */ = {isa = PBXFileReference; lastKnownFileType = text.plist.entitlements; path = SignInWithApple.entitlements; sourceTree = "<group>"; };
		BE8E6EF024405AAD000BC3C8 /* MainViewController.swift */ = {isa = PBXFileReference; lastKnownFileType = sourcecode.swift; path = MainViewController.swift; sourceTree = "<group>"; };
		BE8E6EF224405ABE000BC3C8 /* User.swift */ = {isa = PBXFileReference; lastKnownFileType = sourcecode.swift; path = User.swift; sourceTree = "<group>"; };
		BE8E6EF524405AD3000BC3C8 /* AuthenticationServices.framework */ = {isa = PBXFileReference; lastKnownFileType = wrapper.framework; name = AuthenticationServices.framework; path = System/Library/Frameworks/AuthenticationServices.framework; sourceTree = SDKROOT; };
/* End PBXFileReference section */

/* Begin PBXFrameworksBuildPhase section */
		BE8E6ED524405A68000BC3C8 /* Frameworks */ = {
			isa = PBXFrameworksBuildPhase;
			buildActionMask = 2147483647;
			files = (
				BE8E6EF624405AD3000BC3C8 /* AuthenticationServices.framework in Frameworks */,
			);
			runOnlyForDeploymentPostprocessing = 0;
		};
/* End PBXFrameworksBuildPhase section */

/* Begin PBXGroup section */
		BE8E6ECF24405A68000BC3C8 = {
			isa = PBXGroup;
			children = (
				BE8E6EDA24405A68000BC3C8 /* SignInWithApple */,
				BE8E6ED924405A68000BC3C8 /* Products */,
				BE8E6EF424405AD3000BC3C8 /* Frameworks */,
			);
			sourceTree = "<group>";
		};
		BE8E6ED924405A68000BC3C8 /* Products */ = {
			isa = PBXGroup;
			children = (
				BE8E6ED824405A68000BC3C8 /* SignInWithApple.app */,
			);
			name = Products;
			sourceTree = "<group>";
		};
		BE8E6EDA24405A68000BC3C8 /* SignInWithApple */ = {
			isa = PBXGroup;
			children = (
				BE8E6EEF24405A75000BC3C8 /* SignInWithApple.entitlements */,
				BE8E6EDB24405A68000BC3C8 /* AppDelegate.swift */,
				BE8E6EDD24405A68000BC3C8 /* SceneDelegate.swift */,
				BE8E6EDF24405A68000BC3C8 /* ViewController.swift */,
				BE8E6EF024405AAD000BC3C8 /* MainViewController.swift */,
				BE8E6EF224405ABE000BC3C8 /* User.swift */,
				BE8E6EE124405A68000BC3C8 /* Main.storyboard */,
				BE8E6EE424405A69000BC3C8 /* Assets.xcassets */,
				BE8E6EE624405A69000BC3C8 /* LaunchScreen.storyboard */,
				BE8E6EE924405A69000BC3C8 /* Info.plist */,
			);
			path = SignInWithApple;
			sourceTree = "<group>";
		};
		BE8E6EF424405AD3000BC3C8 /* Frameworks */ = {
			isa = PBXGroup;
			children = (
				BE8E6EF524405AD3000BC3C8 /* AuthenticationServices.framework */,
			);
			name = Frameworks;
			sourceTree = "<group>";
		};
/* End PBXGroup section */

/* Begin PBXNativeTarget section */
		BE8E6ED724405A68000BC3C8 /* SignInWithApple */ = {
			isa = PBXNativeTarget;
			buildConfigurationList = BE8E6EEC24405A69000BC3C8 /* Build configuration list for PBXNativeTarget "SignInWithApple" */;
			buildPhases = (
				BE8E6ED424405A68000BC3C8 /* Sources */,
				BE8E6ED524405A68000BC3C8 /* Frameworks */,
				BE8E6ED624405A68000BC3C8 /* Resources */,
			);
			buildRules = (
			);
			dependencies = (
			);
			name = SignInWithApple;
			productName = SignInWithApple;
			productReference = BE8E6ED824405A68000BC3C8 /* SignInWithApple.app */;
			productType = "com.apple.product-type.application";
		};
/* End PBXNativeTarget section */

/* Begin PBXProject section */
		BE8E6ED024405A68000BC3C8 /* Project object */ = {
			isa = PBXProject;
			attributes = {
				LastSwiftUpdateCheck = 1130;
				LastUpgradeCheck = 1130;
				ORGANIZATIONNAME = "Srivastava, Akash (US - Mumbai)";
				TargetAttributes = {
					BE8E6ED724405A68000BC3C8 = {
						CreatedOnToolsVersion = 11.3.1;
					};
				};
			};
			buildConfigurationList = BE8E6ED324405A68000BC3C8 /* Build configuration list for PBXProject "SignInWithApple" */;
			compatibilityVersion = "Xcode 9.3";
			developmentRegion = en;
			hasScannedForEncodings = 0;
			knownRegions = (
				en,
				Base,
			);
			mainGroup = BE8E6ECF24405A68000BC3C8;
			productRefGroup = BE8E6ED924405A68000BC3C8 /* Products */;
			projectDirPath = "";
			projectRoot = "";
			targets = (
				BE8E6ED724405A68000BC3C8 /* SignInWithApple */,
			);
		};
/* End PBXProject section */

/* Begin PBXResourcesBuildPhase section */
		BE8E6ED624405A68000BC3C8 /* Resources */ = {
			isa = PBXResourcesBuildPhase;
			buildActionMask = 2147483647;
			files = (
				BE8E6EE824405A69000BC3C8 /* LaunchScreen.storyboard in Resources */,
				BE8E6EE524405A69000BC3C8 /* Assets.xcassets in Resources */,
				BE8E6EE324405A68000BC3C8 /* Main.storyboard in Resources */,
			);
			runOnlyForDeploymentPostprocessing = 0;
		};
/* End PBXResourcesBuildPhase section */

/* Begin PBXSourcesBuildPhase section */
		BE8E6ED424405A68000BC3C8 /* Sources */ = {
			isa = PBXSourcesBuildPhase;
			buildActionMask = 2147483647;
			files = (
				BE8E6EE024405A68000BC3C8 /* ViewController.swift in Sources */,
				BE8E6EDC24405A68000BC3C8 /* AppDelegate.swift in Sources */,
				BE8E6EDE24405A68000BC3C8 /* SceneDelegate.swift in Sources */,
				BE8E6EF324405ABE000BC3C8 /* User.swift in Sources */,
				BE8E6EF124405AAD000BC3C8 /* MainViewController.swift in Sources */,
			);
			runOnlyForDeploymentPostprocessing = 0;
		};
/* End PBXSourcesBuildPhase section */

/* Begin PBXVariantGroup section */
		BE8E6EE124405A68000BC3C8 /* Main.storyboard */ = {
			isa = PBXVariantGroup;
			children = (
				BE8E6EE224405A68000BC3C8 /* Base */,
			);
			name = Main.storyboard;
			sourceTree = "<group>";
		};
		BE8E6EE624405A69000BC3C8 /* LaunchScreen.storyboard */ = {
			isa = PBXVariantGroup;
			children = (
				BE8E6EE724405A69000BC3C8 /* Base */,
			);
			name = LaunchScreen.storyboard;
			sourceTree = "<group>";
		};
/* End PBXVariantGroup section */

/* Begin XCBuildConfiguration section */
		BE8E6EEA24405A69000BC3C8 /* Debug */ = {
			isa = XCBuildConfiguration;
			buildSettings = {
				ALWAYS_SEARCH_USER_PATHS = NO;
				CLANG_ANALYZER_NONNULL = YES;
				CLANG_ANALYZER_NUMBER_OBJECT_CONVERSION = YES_AGGRESSIVE;
				CLANG_CXX_LANGUAGE_STANDARD = "gnu++14";
				CLANG_CXX_LIBRARY = "libc++";
				CLANG_ENABLE_MODULES = YES;
				CLANG_ENABLE_OBJC_ARC = YES;
				CLANG_ENABLE_OBJC_WEAK = YES;
				CLANG_WARN_BLOCK_CAPTURE_AUTORELEASING = YES;
				CLANG_WARN_BOOL_CONVERSION = YES;
				CLANG_WARN_COMMA = YES;
				CLANG_WARN_CONSTANT_CONVERSION = YES;
				CLANG_WARN_DEPRECATED_OBJC_IMPLEMENTATIONS = YES;
				CLANG_WARN_DIRECT_OBJC_ISA_USAGE = YES_ERROR;
				CLANG_WARN_DOCUMENTATION_COMMENTS = YES;
				CLANG_WARN_EMPTY_BODY = YES;
				CLANG_WARN_ENUM_CONVERSION = YES;
				CLANG_WARN_INFINITE_RECURSION = YES;
				CLANG_WARN_INT_CONVERSION = YES;
				CLANG_WARN_NON_LITERAL_NULL_CONVERSION = YES;
				CLANG_WARN_OBJC_IMPLICIT_RETAIN_SELF = YES;
				CLANG_WARN_OBJC_LITERAL_CONVERSION = YES;
				CLANG_WARN_OBJC_ROOT_CLASS = YES_ERROR;
				CLANG_WARN_RANGE_LOOP_ANALYSIS = YES;
				CLANG_WARN_STRICT_PROTOTYPES = YES;
				CLANG_WARN_SUSPICIOUS_MOVE = YES;
				CLANG_WARN_UNGUARDED_AVAILABILITY = YES_AGGRESSIVE;
				CLANG_WARN_UNREACHABLE_CODE = YES;
				CLANG_WARN__DUPLICATE_METHOD_MATCH = YES;
				COPY_PHASE_STRIP = NO;
				DEBUG_INFORMATION_FORMAT = dwarf;
				ENABLE_STRICT_OBJC_MSGSEND = YES;
				ENABLE_TESTABILITY = YES;
				GCC_C_LANGUAGE_STANDARD = gnu11;
				GCC_DYNAMIC_NO_PIC = NO;
				GCC_NO_COMMON_BLOCKS = YES;
				GCC_OPTIMIZATION_LEVEL = 0;
				GCC_PREPROCESSOR_DEFINITIONS = (
					"DEBUG=1",
					"$(inherited)",
				);
				GCC_WARN_64_TO_32_BIT_CONVERSION = YES;
				GCC_WARN_ABOUT_RETURN_TYPE = YES_ERROR;
				GCC_WARN_UNDECLARED_SELECTOR = YES;
				GCC_WARN_UNINITIALIZED_AUTOS = YES_AGGRESSIVE;
				GCC_WARN_UNUSED_FUNCTION = YES;
				GCC_WARN_UNUSED_VARIABLE = YES;
				IPHONEOS_DEPLOYMENT_TARGET = 13.2;
				MTL_ENABLE_DEBUG_INFO = INCLUDE_SOURCE;
				MTL_FAST_MATH = YES;
				ONLY_ACTIVE_ARCH = YES;
				SDKROOT = iphoneos;
				SWIFT_ACTIVE_COMPILATION_CONDITIONS = DEBUG;
				SWIFT_OPTIMIZATION_LEVEL = "-Onone";
			};
			name = Debug;
		};
		BE8E6EEB24405A69000BC3C8 /* Release */ = {
			isa = XCBuildConfiguration;
			buildSettings = {
				ALWAYS_SEARCH_USER_PATHS = NO;
				CLANG_ANALYZER_NONNULL = YES;
				CLANG_ANALYZER_NUMBER_OBJECT_CONVERSION = YES_AGGRESSIVE;
				CLANG_CXX_LANGUAGE_STANDARD = "gnu++14";
				CLANG_CXX_LIBRARY = "libc++";
				CLANG_ENABLE_MODULES = YES;
				CLANG_ENABLE_OBJC_ARC = YES;
				CLANG_ENABLE_OBJC_WEAK = YES;
				CLANG_WARN_BLOCK_CAPTURE_AUTORELEASING = YES;
				CLANG_WARN_BOOL_CONVERSION = YES;
				CLANG_WARN_COMMA = YES;
				CLANG_WARN_CONSTANT_CONVERSION = YES;
				CLANG_WARN_DEPRECATED_OBJC_IMPLEMENTATIONS = YES;
				CLANG_WARN_DIRECT_OBJC_ISA_USAGE = YES_ERROR;
				CLANG_WARN_DOCUMENTATION_COMMENTS = YES;
				CLANG_WARN_EMPTY_BODY = YES;
				CLANG_WARN_ENUM_CONVERSION = YES;
				CLANG_WARN_INFINITE_RECURSION = YES;
				CLANG_WARN_INT_CONVERSION = YES;
				CLANG_WARN_NON_LITERAL_NULL_CONVERSION = YES;
				CLANG_WARN_OBJC_IMPLICIT_RETAIN_SELF = YES;
				CLANG_WARN_OBJC_LITERAL_CONVERSION = YES;
				CLANG_WARN_OBJC_ROOT_CLASS = YES_ERROR;
				CLANG_WARN_RANGE_LOOP_ANALYSIS = YES;
				CLANG_WARN_STRICT_PROTOTYPES = YES;
				CLANG_WARN_SUSPICIOUS_MOVE = YES;
				CLANG_WARN_UNGUARDED_AVAILABILITY = YES_AGGRESSIVE;
				CLANG_WARN_UNREACHABLE_CODE = YES;
				CLANG_WARN__DUPLICATE_METHOD_MATCH = YES;
				COPY_PHASE_STRIP = NO;
				DEBUG_INFORMATION_FORMAT = "dwarf-with-dsym";
				ENABLE_NS_ASSERTIONS = NO;
				ENABLE_STRICT_OBJC_MSGSEND = YES;
				GCC_C_LANGUAGE_STANDARD = gnu11;
				GCC_NO_COMMON_BLOCKS = YES;
				GCC_WARN_64_TO_32_BIT_CONVERSION = YES;
				GCC_WARN_ABOUT_RETURN_TYPE = YES_ERROR;
				GCC_WARN_UNDECLARED_SELECTOR = YES;
				GCC_WARN_UNINITIALIZED_AUTOS = YES_AGGRESSIVE;
				GCC_WARN_UNUSED_FUNCTION = YES;
				GCC_WARN_UNUSED_VARIABLE = YES;
				IPHONEOS_DEPLOYMENT_TARGET = 13.2;
				MTL_ENABLE_DEBUG_INFO = NO;
				MTL_FAST_MATH = YES;
				SDKROOT = iphoneos;
				SWIFT_COMPILATION_MODE = wholemodule;
				SWIFT_OPTIMIZATION_LEVEL = "-O";
				VALIDATE_PRODUCT = YES;
			};
			name = Release;
		};
		BE8E6EED24405A69000BC3C8 /* Debug */ = {
			isa = XCBuildConfiguration;
			buildSettings = {
				ASSETCATALOG_COMPILER_APPICON_NAME = AppIcon;
				CODE_SIGN_ENTITLEMENTS = SignInWithApple/SignInWithApple.entitlements;
				CODE_SIGN_STYLE = Automatic;
				DEVELOPMENT_TEAM = SYNZ9ZQLS2;
				INFOPLIST_FILE = SignInWithApple/Info.plist;
				LD_RUNPATH_SEARCH_PATHS = (
					"$(inherited)",
					"@executable_path/Frameworks",
				);
				PRODUCT_BUNDLE_IDENTIFIER = com.akashsrivastava.SignInWithApple;
				PRODUCT_NAME = "$(TARGET_NAME)";
				SWIFT_VERSION = 5.0;
				TARGETED_DEVICE_FAMILY = "1,2";
			};
			name = Debug;
		};
		BE8E6EEE24405A69000BC3C8 /* Release */ = {
			isa = XCBuildConfiguration;
			buildSettings = {
				ASSETCATALOG_COMPILER_APPICON_NAME = AppIcon;
				CODE_SIGN_ENTITLEMENTS = SignInWithApple/SignInWithApple.entitlements;
				CODE_SIGN_STYLE = Automatic;
				DEVELOPMENT_TEAM = SYNZ9ZQLS2;
				INFOPLIST_FILE = SignInWithApple/Info.plist;
				LD_RUNPATH_SEARCH_PATHS = (
					"$(inherited)",
					"@executable_path/Frameworks",
				);
				PRODUCT_BUNDLE_IDENTIFIER = com.akashsrivastava.SignInWithApple;
				PRODUCT_NAME = "$(TARGET_NAME)";
				SWIFT_VERSION = 5.0;
				TARGETED_DEVICE_FAMILY = "1,2";
			};
			name = Release;
		};
/* End XCBuildConfiguration section */

/* Begin XCConfigurationList section */
		BE8E6ED324405A68000BC3C8 /* Build configuration list for PBXProject "SignInWithApple" */ = {
			isa = XCConfigurationList;
			buildConfigurations = (
				BE8E6EEA24405A69000BC3C8 /* Debug */,
				BE8E6EEB24405A69000BC3C8 /* Release */,
			);
			defaultConfigurationIsVisible = 0;
			defaultConfigurationName = Release;
		};
		BE8E6EEC24405A69000BC3C8 /* Build configuration list for PBXNativeTarget "SignInWithApple" */ = {
			isa = XCConfigurationList;
			buildConfigurations = (
				BE8E6EED24405A69000BC3C8 /* Debug */,
				BE8E6EEE24405A69000BC3C8 /* Release */,
			);
			defaultConfigurationIsVisible = 0;
			defaultConfigurationName = Release;
		};
/* End XCConfigurationList section */
	};
	rootObject = BE8E6ED024405A68000BC3C8 /* Project object */;
}
